
Microsoft Visual Studio Solution File, Format Version 12.00
# Visual Studio Version 17
VisualStudioVersion = 17.1.32228.430
MinimumVisualStudioVersion = 10.0.40219.1
Project("{FAE04EC0-301F-11D3-BF4B-00C04F79EFBC}") = "Geometrie1", "Geometrie1.csproj", "{F8AD0C19-5416-4BB2-A298-7D3FE8AFD33F}"
EndProject
Project("{FAE04EC0-301F-11D3-BF4B-00C04F79EFBC}") = "Geometrie2", "..\Geometrie2\Geometrie2.csproj", "{7B7AD567-F17C-4165-B7FC-2FC23C4AAFA9}"
EndProject
Global
	GlobalSection(SolutionConfigurationPlatforms) = preSolution
		Debug|Any CPU = Debug|Any CPU
		Release|Any CPU = Release|Any CPU
	EndGlobalSection
	GlobalSection(ProjectConfigurationPlatforms) = postSolution
		{F8AD0C19-5416-4BB2-A298-7D3FE8AFD33F}.Debug|Any CPU.ActiveCfg = Debug|Any CPU
		{F8AD0C19-5416-4BB2-A298-7D3FE8AFD33F}.Debug|Any CPU.Build.0 = Debug|Any CPU
		{F8AD0C19-5416-4BB2-A298-7D3FE8AFD33F}.Release|Any CPU.ActiveCfg = Release|Any CPU
		{F8AD0C19-5416-4BB2-A298-7D3FE8AFD33F}.Release|Any CPU.Build.0 = Release|Any CPU
		{7B7AD567-F17C-4165-B7FC-2FC23C4AAFA9}.Debug|Any CPU.ActiveCfg = Debug|Any CPU
		{7B7AD567-F17C-4165-B7FC-2FC23C4AAFA9}.Debug|Any CPU.Build.0 = Debug|Any CPU
		{7B7AD567-F17C-4165-B7FC-2FC23C4AAFA9}.Release|Any CPU.ActiveCfg = Release|Any CPU
		{7B7AD567-F17C-4165-B7FC-2FC23C4AAFA9}.Release|Any CPU.Build.0 = Release|Any CPU
	EndGlobalSection
	GlobalSection(SolutionProperties) = preSolution
		HideSolutionNode = FALSE
	EndGlobalSection
	GlobalSection(ExtensibilityGlobals) = postSolution
		SolutionGuid = {D591CBBC-A112-4BDC-955D-5184C3D94077}
	EndGlobalSection
EndGlobal
