
Microsoft Visual Studio Solution File, Format Version 12.00
# Visual Studio Version 17
VisualStudioVersion = 17.1.32228.430
MinimumVisualStudioVersion = 10.0.40219.1
Project("{FAE04EC0-301F-11D3-BF4B-00C04F79EFBC}") = "Geometrie1", "Geometrie1.csproj", "{F8AD0C19-5416-4BB2-A298-7D3FE8AFD33F}"
EndProject
Project("{FAE04EC0-301F-11D3-BF4B-00C04F79EFBC}") = "Geometrie2", "..\Geometrie2\Geometrie2.csproj", "{7B7AD567-F17C-4165-B7FC-2FC23C4AAFA9}"
EndProject
Project("{2150E333-8FDC-42A3-9474-1A3956D46DE8}") = "Solution Items", "Solution Items", "{23F0DD9B-305D-4651-9AB9-8ECF56233A76}"
	ProjectSection(SolutionItems) = preProject
		TextFile1.txt = TextFile1.txt
	EndProjectSection
EndProject
Project("{FAE04EC0-301F-11D3-BF4B-00C04F79EFBC}") = "Geometrie3", "..\Geometrie3\Geometrie3.csproj", "{2BDB6C96-A237-4337-A035-D28E0354E4AC}"
EndProject
Project("{FAE04EC0-301F-11D3-BF4B-00C04F79EFBC}") = "Geometrie4", "..\Geometrie4\Geometrie4.csproj", "{CBAE908F-B4A8-4E80-A131-BEE8FC983CB7}"
EndProject
Project("{FAE04EC0-301F-11D3-BF4B-00C04F79EFBC}") = "Geometrie5", "..\Geometrie5\Geometrie5.csproj", "{D1F8AFE7-30A7-42AC-ACE3-98BD265C770B}"
EndProject
Project("{FAE04EC0-301F-11D3-BF4B-00C04F79EFBC}") = "Geometrie5.1", "..\Geometrie5.1\Geometrie5.1.csproj", "{525490E9-DEB0-4B4C-BC54-10C54E19ACAE}"
EndProject
Global
	GlobalSection(SolutionConfigurationPlatforms) = preSolution
		Debug|Any CPU = Debug|Any CPU
		Release|Any CPU = Release|Any CPU
	EndGlobalSection
	GlobalSection(ProjectConfigurationPlatforms) = postSolution
		{F8AD0C19-5416-4BB2-A298-7D3FE8AFD33F}.Debug|Any CPU.ActiveCfg = Debug|Any CPU
		{F8AD0C19-5416-4BB2-A298-7D3FE8AFD33F}.Debug|Any CPU.Build.0 = Debug|Any CPU
		{F8AD0C19-5416-4BB2-A298-7D3FE8AFD33F}.Release|Any CPU.ActiveCfg = Release|Any CPU
		{F8AD0C19-5416-4BB2-A298-7D3FE8AFD33F}.Release|Any CPU.Build.0 = Release|Any CPU
		{7B7AD567-F17C-4165-B7FC-2FC23C4AAFA9}.Debug|Any CPU.ActiveCfg = Debug|Any CPU
		{7B7AD567-F17C-4165-B7FC-2FC23C4AAFA9}.Debug|Any CPU.Build.0 = Debug|Any CPU
		{7B7AD567-F17C-4165-B7FC-2FC23C4AAFA9}.Release|Any CPU.ActiveCfg = Release|Any CPU
		{7B7AD567-F17C-4165-B7FC-2FC23C4AAFA9}.Release|Any CPU.Build.0 = Release|Any CPU
		{2BDB6C96-A237-4337-A035-D28E0354E4AC}.Debug|Any CPU.ActiveCfg = Debug|Any CPU
		{2BDB6C96-A237-4337-A035-D28E0354E4AC}.Debug|Any CPU.Build.0 = Debug|Any CPU
		{2BDB6C96-A237-4337-A035-D28E0354E4AC}.Release|Any CPU.ActiveCfg = Release|Any CPU
		{2BDB6C96-A237-4337-A035-D28E0354E4AC}.Release|Any CPU.Build.0 = Release|Any CPU
		{CBAE908F-B4A8-4E80-A131-BEE8FC983CB7}.Debug|Any CPU.ActiveCfg = Debug|Any CPU
		{CBAE908F-B4A8-4E80-A131-BEE8FC983CB7}.Debug|Any CPU.Build.0 = Debug|Any CPU
		{CBAE908F-B4A8-4E80-A131-BEE8FC983CB7}.Release|Any CPU.ActiveCfg = Release|Any CPU
		{CBAE908F-B4A8-4E80-A131-BEE8FC983CB7}.Release|Any CPU.Build.0 = Release|Any CPU
		{D1F8AFE7-30A7-42AC-ACE3-98BD265C770B}.Debug|Any CPU.ActiveCfg = Debug|Any CPU
		{D1F8AFE7-30A7-42AC-ACE3-98BD265C770B}.Debug|Any CPU.Build.0 = Debug|Any CPU
		{D1F8AFE7-30A7-42AC-ACE3-98BD265C770B}.Release|Any CPU.ActiveCfg = Release|Any CPU
		{D1F8AFE7-30A7-42AC-ACE3-98BD265C770B}.Release|Any CPU.Build.0 = Release|Any CPU
		{525490E9-DEB0-4B4C-BC54-10C54E19ACAE}.Debug|Any CPU.ActiveCfg = Debug|Any CPU
		{525490E9-DEB0-4B4C-BC54-10C54E19ACAE}.Debug|Any CPU.Build.0 = Debug|Any CPU
		{525490E9-DEB0-4B4C-BC54-10C54E19ACAE}.Release|Any CPU.ActiveCfg = Release|Any CPU
		{525490E9-DEB0-4B4C-BC54-10C54E19ACAE}.Release|Any CPU.Build.0 = Release|Any CPU
	EndGlobalSection
	GlobalSection(SolutionProperties) = preSolution
		HideSolutionNode = FALSE
	EndGlobalSection
	GlobalSection(ExtensibilityGlobals) = postSolution
		SolutionGuid = {D591CBBC-A112-4BDC-955D-5184C3D94077}
	EndGlobalSection
EndGlobal
